// !$*UTF8*$!
{
	archiveVersion = 1;
	classes = {
	};
	objectVersion = 55;
	objects = {

/* Begin PBXBuildFile section */
		01B88A232760EEAE00F6B8A3 /* FavoritView.swift in Sources */ = {isa = PBXBuildFile; fileRef = 01B88A222760EEAE00F6B8A3 /* FavoritView.swift */; };
		01B88A2A2760EFAC00F6B8A3 /* CheckListView.swift in Sources */ = {isa = PBXBuildFile; fileRef = 01B88A292760EFAC00F6B8A3 /* CheckListView.swift */; };
		01B88A302762386400F6B8A3 /* StartTabsView.swift in Sources */ = {isa = PBXBuildFile; fileRef = 01B88A2F2762386400F6B8A3 /* StartTabsView.swift */; };
		01C5DAE9274695D500929758 /* FlyttaInfo.swift in Sources */ = {isa = PBXBuildFile; fileRef = 01C5DAE8274695D500929758 /* FlyttaInfo.swift */; };
		01D38902273D433A009E76E4 /* SecondPage.swift in Sources */ = {isa = PBXBuildFile; fileRef = 01D38901273D433A009E76E4 /* SecondPage.swift */; };
		01D38904273D6B4D009E76E4 /* clear-sans.thin.ttf in Resources */ = {isa = PBXBuildFile; fileRef = 01D38903273D6B4D009E76E4 /* clear-sans.thin.ttf */; };
		01D3892C274549BC009E76E4 /* ThirdPage.swift in Sources */ = {isa = PBXBuildFile; fileRef = 01D3892B274549BC009E76E4 /* ThirdPage.swift */; };
		01E1042427664AE300210FD9 /* clear-sans.regular.ttf in Resources */ = {isa = PBXBuildFile; fileRef = 01E1042327664AE300210FD9 /* clear-sans.regular.ttf */; };
		01F9CDB1273BDC15009C1BB9 /* FlyttaTestApp.swift in Sources */ = {isa = PBXBuildFile; fileRef = 01F9CDB0273BDC15009C1BB9 /* FlyttaTestApp.swift */; };
		01F9CDB3273BDC15009C1BB9 /* ContentView.swift in Sources */ = {isa = PBXBuildFile; fileRef = 01F9CDB2273BDC15009C1BB9 /* ContentView.swift */; };
		01F9CDB5273BDC17009C1BB9 /* Assets.xcassets in Resources */ = {isa = PBXBuildFile; fileRef = 01F9CDB4273BDC17009C1BB9 /* Assets.xcassets */; };
		01F9CDB8273BDC17009C1BB9 /* Preview Assets.xcassets in Resources */ = {isa = PBXBuildFile; fileRef = 01F9CDB7273BDC17009C1BB9 /* Preview Assets.xcassets */; };
		01F9CDBF273BDD0A009C1BB9 /* FirstPage.swift in Sources */ = {isa = PBXBuildFile; fileRef = 01F9CDBE273BDD0A009C1BB9 /* FirstPage.swift */; };
/* End PBXBuildFile section */

/* Begin PBXFileReference section */
		01B88A222760EEAE00F6B8A3 /* FavoritView.swift */ = {isa = PBXFileReference; lastKnownFileType = sourcecode.swift; path = FavoritView.swift; sourceTree = "<group>"; };
		01B88A292760EFAC00F6B8A3 /* CheckListView.swift */ = {isa = PBXFileReference; lastKnownFileType = sourcecode.swift; path = CheckListView.swift; sourceTree = "<group>"; };
		01B88A2F2762386400F6B8A3 /* StartTabsView.swift */ = {isa = PBXFileReference; lastKnownFileType = sourcecode.swift; path = StartTabsView.swift; sourceTree = "<group>"; };
		01C5DAE8274695D500929758 /* FlyttaInfo.swift */ = {isa = PBXFileReference; lastKnownFileType = sourcecode.swift; path = FlyttaInfo.swift; sourceTree = "<group>"; usesTabs = 0; };
		01D38901273D433A009E76E4 /* SecondPage.swift */ = {isa = PBXFileReference; lastKnownFileType = sourcecode.swift; path = SecondPage.swift; sourceTree = "<group>"; };
		01D38903273D6B4D009E76E4 /* clear-sans.thin.ttf */ = {isa = PBXFileReference; lastKnownFileType = file; path = "clear-sans.thin.ttf"; sourceTree = "<group>"; };
		01D38905273D6BA8009E76E4 /* Info.plist */ = {isa = PBXFileReference; lastKnownFileType = text.plist; path = Info.plist; sourceTree = "<group>"; };
		01D3892B274549BC009E76E4 /* ThirdPage.swift */ = {isa = PBXFileReference; lastKnownFileType = sourcecode.swift; path = ThirdPage.swift; sourceTree = "<group>"; };
		01E1042327664AE300210FD9 /* clear-sans.regular.ttf */ = {isa = PBXFileReference; lastKnownFileType = file; path = "clear-sans.regular.ttf"; sourceTree = "<group>"; };
		01F9CDAD273BDC15009C1BB9 /* FlyttaTest.app */ = {isa = PBXFileReference; explicitFileType = wrapper.application; includeInIndex = 0; path = FlyttaTest.app; sourceTree = BUILT_PRODUCTS_DIR; };
		01F9CDB0273BDC15009C1BB9 /* FlyttaTestApp.swift */ = {isa = PBXFileReference; lastKnownFileType = sourcecode.swift; path = FlyttaTestApp.swift; sourceTree = "<group>"; };
		01F9CDB2273BDC15009C1BB9 /* ContentView.swift */ = {isa = PBXFileReference; lastKnownFileType = sourcecode.swift; path = ContentView.swift; sourceTree = "<group>"; };
		01F9CDB4273BDC17009C1BB9 /* Assets.xcassets */ = {isa = PBXFileReference; lastKnownFileType = folder.assetcatalog; path = Assets.xcassets; sourceTree = "<group>"; };
		01F9CDB7273BDC17009C1BB9 /* Preview Assets.xcassets */ = {isa = PBXFileReference; lastKnownFileType = folder.assetcatalog; path = "Preview Assets.xcassets"; sourceTree = "<group>"; };
		01F9CDBE273BDD0A009C1BB9 /* FirstPage.swift */ = {isa = PBXFileReference; lastKnownFileType = sourcecode.swift; path = FirstPage.swift; sourceTree = "<group>"; };
/* End PBXFileReference section */

/* Begin PBXFrameworksBuildPhase section */
		01F9CDAA273BDC15009C1BB9 /* Frameworks */ = {
			isa = PBXFrameworksBuildPhase;
			buildActionMask = 2147483647;
			files = (
			);
			runOnlyForDeploymentPostprocessing = 0;
		};
/* End PBXFrameworksBuildPhase section */

/* Begin PBXGroup section */
		01B88A242760EEBC00F6B8A3 /* Huvudsida */ = {
			isa = PBXGroup;
			children = (
				01C5DAE8274695D500929758 /* FlyttaInfo.swift */,
			);
			path = Huvudsida;
			sourceTree = "<group>";
		};
		01B88A252760EED600F6B8A3 /* Sidor */ = {
			isa = PBXGroup;
			children = (
				01F9CDBE273BDD0A009C1BB9 /* FirstPage.swift */,
				01D38901273D433A009E76E4 /* SecondPage.swift */,
				01D3892B274549BC009E76E4 /* ThirdPage.swift */,
			);
			path = Sidor;
			sourceTree = "<group>";
		};
		01B88A262760EF1B00F6B8A3 /* Favorit */ = {
			isa = PBXGroup;
			children = (
				01B88A222760EEAE00F6B8A3 /* FavoritView.swift */,
			);
			path = Favorit;
			sourceTree = "<group>";
		};
		01B88A272760EF4D00F6B8A3 /* Checklista */ = {
			isa = PBXGroup;
			children = (
				01B88A292760EFAC00F6B8A3 /* CheckListView.swift */,
			);
			path = Checklista;
			sourceTree = "<group>";
		};
		01B88A282760EF8500F6B8A3 /* Knapp */ = {
			isa = PBXGroup;
			children = (
				01F9CDB2273BDC15009C1BB9 /* ContentView.swift */,
			);
			path = Knapp;
			sourceTree = "<group>";
		};
		01F9CDA4273BDC15009C1BB9 = {
			isa = PBXGroup;
			children = (
				01F9CDAF273BDC15009C1BB9 /* FlyttaTest */,
				01F9CDAE273BDC15009C1BB9 /* Products */,
			);
			sourceTree = "<group>";
		};
		01F9CDAE273BDC15009C1BB9 /* Products */ = {
			isa = PBXGroup;
			children = (
				01F9CDAD273BDC15009C1BB9 /* FlyttaTest.app */,
			);
			name = Products;
			sourceTree = "<group>";
		};
		01F9CDAF273BDC15009C1BB9 /* FlyttaTest */ = {
			isa = PBXGroup;
			children = (
				01F9CDB0273BDC15009C1BB9 /* FlyttaTestApp.swift */,
				01B88A2F2762386400F6B8A3 /* StartTabsView.swift */,
				01B88A242760EEBC00F6B8A3 /* Huvudsida */,
				01B88A252760EED600F6B8A3 /* Sidor */,
				01B88A282760EF8500F6B8A3 /* Knapp */,
				01B88A262760EF1B00F6B8A3 /* Favorit */,
				01B88A272760EF4D00F6B8A3 /* Checklista */,
				01D38905273D6BA8009E76E4 /* Info.plist */,
				01F9CDB4273BDC17009C1BB9 /* Assets.xcassets */,
				01E1042327664AE300210FD9 /* clear-sans.regular.ttf */,
				01D38903273D6B4D009E76E4 /* clear-sans.thin.ttf */,
				01F9CDB6273BDC17009C1BB9 /* Preview Content */,
			);
			path = FlyttaTest;
			sourceTree = "<group>";
		};
		01F9CDB6273BDC17009C1BB9 /* Preview Content */ = {
			isa = PBXGroup;
			children = (
				01F9CDB7273BDC17009C1BB9 /* Preview Assets.xcassets */,
			);
			path = "Preview Content";
			sourceTree = "<group>";
		};
/* End PBXGroup section */

/* Begin PBXNativeTarget section */
		01F9CDAC273BDC15009C1BB9 /* FlyttaTest */ = {
			isa = PBXNativeTarget;
			buildConfigurationList = 01F9CDBB273BDC17009C1BB9 /* Build configuration list for PBXNativeTarget "FlyttaTest" */;
			buildPhases = (
				01F9CDA9273BDC15009C1BB9 /* Sources */,
				01F9CDAA273BDC15009C1BB9 /* Frameworks */,
				01F9CDAB273BDC15009C1BB9 /* Resources */,
			);
			buildRules = (
			);
			dependencies = (
			);
			name = FlyttaTest;
			productName = FlyttaTest;
			productReference = 01F9CDAD273BDC15009C1BB9 /* FlyttaTest.app */;
			productType = "com.apple.product-type.application";
		};
/* End PBXNativeTarget section */

/* Begin PBXProject section */
		01F9CDA5273BDC15009C1BB9 /* Project object */ = {
			isa = PBXProject;
			attributes = {
				BuildIndependentTargetsInParallel = 1;
				LastSwiftUpdateCheck = 1300;
				LastUpgradeCheck = 1300;
				TargetAttributes = {
					01F9CDAC273BDC15009C1BB9 = {
						CreatedOnToolsVersion = 13.0;
					};
				};
			};
			buildConfigurationList = 01F9CDA8273BDC15009C1BB9 /* Build configuration list for PBXProject "FlyttaTest" */;
			compatibilityVersion = "Xcode 13.0";
			developmentRegion = en;
			hasScannedForEncodings = 0;
			knownRegions = (
				en,
				Base,
			);
			mainGroup = 01F9CDA4273BDC15009C1BB9;
			productRefGroup = 01F9CDAE273BDC15009C1BB9 /* Products */;
			projectDirPath = "";
			projectRoot = "";
			targets = (
				01F9CDAC273BDC15009C1BB9 /* FlyttaTest */,
			);
		};
/* End PBXProject section */

/* Begin PBXResourcesBuildPhase section */
		01F9CDAB273BDC15009C1BB9 /* Resources */ = {
			isa = PBXResourcesBuildPhase;
			buildActionMask = 2147483647;
			files = (
				01D38904273D6B4D009E76E4 /* clear-sans.thin.ttf in Resources */,
				01F9CDB8273BDC17009C1BB9 /* Preview Assets.xcassets in Resources */,
				01F9CDB5273BDC17009C1BB9 /* Assets.xcassets in Resources */,
				01E1042427664AE300210FD9 /* clear-sans.regular.ttf in Resources */,
			);
			runOnlyForDeploymentPostprocessing = 0;
		};
/* End PBXResourcesBuildPhase section */

/* Begin PBXSourcesBuildPhase section */
		01F9CDA9273BDC15009C1BB9 /* Sources */ = {
			isa = PBXSourcesBuildPhase;
			buildActionMask = 2147483647;
			files = (
				01D38902273D433A009E76E4 /* SecondPage.swift in Sources */,
				01F9CDB3273BDC15009C1BB9 /* ContentView.swift in Sources */,
				01C5DAE9274695D500929758 /* FlyttaInfo.swift in Sources */,
				01B88A2A2760EFAC00F6B8A3 /* CheckListView.swift in Sources */,
				01D3892C274549BC009E76E4 /* ThirdPage.swift in Sources */,
				01F9CDB1273BDC15009C1BB9 /* FlyttaTestApp.swift in Sources */,
				01B88A302762386400F6B8A3 /* StartTabsView.swift in Sources */,
				01B88A232760EEAE00F6B8A3 /* FavoritView.swift in Sources */,
				01F9CDBF273BDD0A009C1BB9 /* FirstPage.swift in Sources */,
			);
			runOnlyForDeploymentPostprocessing = 0;
		};
/* End PBXSourcesBuildPhase section */

/* Begin XCBuildConfiguration section */
		01F9CDB9273BDC17009C1BB9 /* Debug */ = {
			isa = XCBuildConfiguration;
			buildSettings = {
				ALWAYS_SEARCH_USER_PATHS = NO;
				CLANG_ANALYZER_NONNULL = YES;
				CLANG_ANALYZER_NUMBER_OBJECT_CONVERSION = YES_AGGRESSIVE;
				CLANG_CXX_LANGUAGE_STANDARD = "gnu++17";
				CLANG_CXX_LIBRARY = "libc++";
				CLANG_ENABLE_MODULES = YES;
				CLANG_ENABLE_OBJC_ARC = YES;
				CLANG_ENABLE_OBJC_WEAK = YES;
				CLANG_WARN_BLOCK_CAPTURE_AUTORELEASING = YES;
				CLANG_WARN_BOOL_CONVERSION = YES;
				CLANG_WARN_COMMA = YES;
				CLANG_WARN_CONSTANT_CONVERSION = YES;
				CLANG_WARN_DEPRECATED_OBJC_IMPLEMENTATIONS = YES;
				CLANG_WARN_DIRECT_OBJC_ISA_USAGE = YES_ERROR;
				CLANG_WARN_DOCUMENTATION_COMMENTS = YES;
				CLANG_WARN_EMPTY_BODY = YES;
				CLANG_WARN_ENUM_CONVERSION = YES;
				CLANG_WARN_INFINITE_RECURSION = YES;
				CLANG_WARN_INT_CONVERSION = YES;
				CLANG_WARN_NON_LITERAL_NULL_CONVERSION = YES;
				CLANG_WARN_OBJC_IMPLICIT_RETAIN_SELF = YES;
				CLANG_WARN_OBJC_LITERAL_CONVERSION = YES;
				CLANG_WARN_OBJC_ROOT_CLASS = YES_ERROR;
				CLANG_WARN_QUOTED_INCLUDE_IN_FRAMEWORK_HEADER = YES;
				CLANG_WARN_RANGE_LOOP_ANALYSIS = YES;
				CLANG_WARN_STRICT_PROTOTYPES = YES;
				CLANG_WARN_SUSPICIOUS_MOVE = YES;
				CLANG_WARN_UNGUARDED_AVAILABILITY = YES_AGGRESSIVE;
				CLANG_WARN_UNREACHABLE_CODE = YES;
				CLANG_WARN__DUPLICATE_METHOD_MATCH = YES;
				COPY_PHASE_STRIP = NO;
				DEBUG_INFORMATION_FORMAT = dwarf;
				ENABLE_STRICT_OBJC_MSGSEND = YES;
				ENABLE_TESTABILITY = YES;
				GCC_C_LANGUAGE_STANDARD = gnu11;
				GCC_DYNAMIC_NO_PIC = NO;
				GCC_NO_COMMON_BLOCKS = YES;
				GCC_OPTIMIZATION_LEVEL = 0;
				GCC_PREPROCESSOR_DEFINITIONS = (
					"DEBUG=1",
					"$(inherited)",
				);
				GCC_WARN_64_TO_32_BIT_CONVERSION = YES;
				GCC_WARN_ABOUT_RETURN_TYPE = YES_ERROR;
				GCC_WARN_UNDECLARED_SELECTOR = YES;
				GCC_WARN_UNINITIALIZED_AUTOS = YES_AGGRESSIVE;
				GCC_WARN_UNUSED_FUNCTION = YES;
				GCC_WARN_UNUSED_VARIABLE = YES;
				IPHONEOS_DEPLOYMENT_TARGET = 15.0;
				MTL_ENABLE_DEBUG_INFO = INCLUDE_SOURCE;
				MTL_FAST_MATH = YES;
				ONLY_ACTIVE_ARCH = YES;
				SDKROOT = iphoneos;
				SWIFT_ACTIVE_COMPILATION_CONDITIONS = DEBUG;
				SWIFT_OPTIMIZATION_LEVEL = "-Onone";
			};
			name = Debug;
		};
		01F9CDBA273BDC17009C1BB9 /* Release */ = {
			isa = XCBuildConfiguration;
			buildSettings = {
				ALWAYS_SEARCH_USER_PATHS = NO;
				CLANG_ANALYZER_NONNULL = YES;
				CLANG_ANALYZER_NUMBER_OBJECT_CONVERSION = YES_AGGRESSIVE;
				CLANG_CXX_LANGUAGE_STANDARD = "gnu++17";
				CLANG_CXX_LIBRARY = "libc++";
				CLANG_ENABLE_MODULES = YES;
				CLANG_ENABLE_OBJC_ARC = YES;
				CLANG_ENABLE_OBJC_WEAK = YES;
				CLANG_WARN_BLOCK_CAPTURE_AUTORELEASING = YES;
				CLANG_WARN_BOOL_CONVERSION = YES;
				CLANG_WARN_COMMA = YES;
				CLANG_WARN_CONSTANT_CONVERSION = YES;
				CLANG_WARN_DEPRECATED_OBJC_IMPLEMENTATIONS = YES;
				CLANG_WARN_DIRECT_OBJC_ISA_USAGE = YES_ERROR;
				CLANG_WARN_DOCUMENTATION_COMMENTS = YES;
				CLANG_WARN_EMPTY_BODY = YES;
				CLANG_WARN_ENUM_CONVERSION = YES;
				CLANG_WARN_INFINITE_RECURSION = YES;
				CLANG_WARN_INT_CONVERSION = YES;
				CLANG_WARN_NON_LITERAL_NULL_CONVERSION = YES;
				CLANG_WARN_OBJC_IMPLICIT_RETAIN_SELF = YES;
				CLANG_WARN_OBJC_LITERAL_CONVERSION = YES;
				CLANG_WARN_OBJC_ROOT_CLASS = YES_ERROR;
				CLANG_WARN_QUOTED_INCLUDE_IN_FRAMEWORK_HEADER = YES;
				CLANG_WARN_RANGE_LOOP_ANALYSIS = YES;
				CLANG_WARN_STRICT_PROTOTYPES = YES;
				CLANG_WARN_SUSPICIOUS_MOVE = YES;
				CLANG_WARN_UNGUARDED_AVAILABILITY = YES_AGGRESSIVE;
				CLANG_WARN_UNREACHABLE_CODE = YES;
				CLANG_WARN__DUPLICATE_METHOD_MATCH = YES;
				COPY_PHASE_STRIP = NO;
				DEBUG_INFORMATION_FORMAT = "dwarf-with-dsym";
				ENABLE_NS_ASSERTIONS = NO;
				ENABLE_STRICT_OBJC_MSGSEND = YES;
				GCC_C_LANGUAGE_STANDARD = gnu11;
				GCC_NO_COMMON_BLOCKS = YES;
				GCC_WARN_64_TO_32_BIT_CONVERSION = YES;
				GCC_WARN_ABOUT_RETURN_TYPE = YES_ERROR;
				GCC_WARN_UNDECLARED_SELECTOR = YES;
				GCC_WARN_UNINITIALIZED_AUTOS = YES_AGGRESSIVE;
				GCC_WARN_UNUSED_FUNCTION = YES;
				GCC_WARN_UNUSED_VARIABLE = YES;
				IPHONEOS_DEPLOYMENT_TARGET = 15.0;
				MTL_ENABLE_DEBUG_INFO = NO;
				MTL_FAST_MATH = YES;
				SDKROOT = iphoneos;
				SWIFT_COMPILATION_MODE = wholemodule;
				SWIFT_OPTIMIZATION_LEVEL = "-O";
				VALIDATE_PRODUCT = YES;
			};
			name = Release;
		};
		01F9CDBC273BDC17009C1BB9 /* Debug */ = {
			isa = XCBuildConfiguration;
			buildSettings = {
				ASSETCATALOG_COMPILER_APPICON_NAME = AppIcon;
				ASSETCATALOG_COMPILER_GLOBAL_ACCENT_COLOR_NAME = AccentColor;
				CODE_SIGN_STYLE = Automatic;
				CURRENT_PROJECT_VERSION = 1;
				DEVELOPMENT_ASSET_PATHS = "\"FlyttaTest/Preview Content\"";
				DEVELOPMENT_TEAM = 55B6T4P2R4;
				ENABLE_PREVIEWS = YES;
				GENERATE_INFOPLIST_FILE = YES;
				INFOPLIST_FILE = FlyttaTest/Info.plist;
				INFOPLIST_KEY_CFBundleDisplayName = "Flytta Hemifrån";
				INFOPLIST_KEY_UIApplicationSceneManifest_Generation = YES;
				INFOPLIST_KEY_UIApplicationSupportsIndirectInputEvents = YES;
				INFOPLIST_KEY_UILaunchScreen_Generation = YES;
				INFOPLIST_KEY_UISupportedInterfaceOrientations_iPad = "UIInterfaceOrientationPortrait UIInterfaceOrientationPortraitUpsideDown UIInterfaceOrientationLandscapeLeft UIInterfaceOrientationLandscapeRight";
				INFOPLIST_KEY_UISupportedInterfaceOrientations_iPhone = "UIInterfaceOrientationPortrait UIInterfaceOrientationLandscapeLeft UIInterfaceOrientationLandscapeRight";
				IPHONEOS_DEPLOYMENT_TARGET = 15.0;
				LD_RUNPATH_SEARCH_PATHS = (
					"$(inherited)",
					"@executable_path/Frameworks",
				);
				MARKETING_VERSION = 1.0;
				PRODUCT_BUNDLE_IDENTIFIER = se.moamorfelt.FlyttaTest;
				PRODUCT_NAME = "$(TARGET_NAME)";
				SWIFT_EMIT_LOC_STRINGS = YES;
				SWIFT_VERSION = 5.0;
				TARGETED_DEVICE_FAMILY = "1,2";
			};
			name = Debug;
		};
		01F9CDBD273BDC17009C1BB9 /* Release */ = {
			isa = XCBuildConfiguration;
			buildSettings = {
				ASSETCATALOG_COMPILER_APPICON_NAME = AppIcon;
				ASSETCATALOG_COMPILER_GLOBAL_ACCENT_COLOR_NAME = AccentColor;
				CODE_SIGN_STYLE = Automatic;
				CURRENT_PROJECT_VERSION = 1;
				DEVELOPMENT_ASSET_PATHS = "\"FlyttaTest/Preview Content\"";
				DEVELOPMENT_TEAM = 55B6T4P2R4;
				ENABLE_PREVIEWS = YES;
				GENERATE_INFOPLIST_FILE = YES;
				INFOPLIST_FILE = FlyttaTest/Info.plist;
				INFOPLIST_KEY_CFBundleDisplayName = "Flytta Hemifrån";
				INFOPLIST_KEY_UIApplicationSceneManifest_Generation = YES;
				INFOPLIST_KEY_UIApplicationSupportsIndirectInputEvents = YES;
				INFOPLIST_KEY_UILaunchScreen_Generation = YES;
				INFOPLIST_KEY_UISupportedInterfaceOrientations_iPad = "UIInterfaceOrientationPortrait UIInterfaceOrientationPortraitUpsideDown UIInterfaceOrientationLandscapeLeft UIInterfaceOrientationLandscapeRight";
				INFOPLIST_KEY_UISupportedInterfaceOrientations_iPhone = "UIInterfaceOrientationPortrait UIInterfaceOrientationLandscapeLeft UIInterfaceOrientationLandscapeRight";
				IPHONEOS_DEPLOYMENT_TARGET = 15.0;
				LD_RUNPATH_SEARCH_PATHS = (
					"$(inherited)",
					"@executable_path/Frameworks",
				);
				MARKETING_VERSION = 1.0;
				PRODUCT_BUNDLE_IDENTIFIER = se.moamorfelt.FlyttaTest;
				PRODUCT_NAME = "$(TARGET_NAME)";
				SWIFT_EMIT_LOC_STRINGS = YES;
				SWIFT_VERSION = 5.0;
				TARGETED_DEVICE_FAMILY = "1,2";
			};
			name = Release;
		};
/* End XCBuildConfiguration section */

/* Begin XCConfigurationList section */
		01F9CDA8273BDC15009C1BB9 /* Build configuration list for PBXProject "FlyttaTest" */ = {
			isa = XCConfigurationList;
			buildConfigurations = (
				01F9CDB9273BDC17009C1BB9 /* Debug */,
				01F9CDBA273BDC17009C1BB9 /* Release */,
			);
			defaultConfigurationIsVisible = 0;
			defaultConfigurationName = Release;
		};
		01F9CDBB273BDC17009C1BB9 /* Build configuration list for PBXNativeTarget "FlyttaTest" */ = {
			isa = XCConfigurationList;
			buildConfigurations = (
				01F9CDBC273BDC17009C1BB9 /* Debug */,
				01F9CDBD273BDC17009C1BB9 /* Release */,
			);
			defaultConfigurationIsVisible = 0;
			defaultConfigurationName = Release;
		};
/* End XCConfigurationList section */
	};
	rootObject = 01F9CDA5273BDC15009C1BB9 /* Project object */;
}
